
Microsoft Visual Studio Solution File, Format Version 11.00
# Visual C# Express 2010
Project("{FAE04EC0-301F-11D3-BF4B-00C04F79EFBC}") = "scs", "scs\scs.csproj", "{3CBA647E-9C02-452D-8E39-D809E0187A87}"
EndProject
Global
	GlobalSection(SolutionConfigurationPlatforms) = preSolution
		Debug|x86 = Debug|x86
		Release|x86 = Release|x86
	EndGlobalSection
	GlobalSection(ProjectConfigurationPlatforms) = postSolution
		{3CBA647E-9C02-452D-8E39-D809E0187A87}.Debug|x86.ActiveCfg = Debug|x86
		{3CBA647E-9C02-452D-8E39-D809E0187A87}.Debug|x86.Build.0 = Debug|x86
		{3CBA647E-9C02-452D-8E39-D809E0187A87}.Release|x86.ActiveCfg = Release|x86
		{3CBA647E-9C02-452D-8E39-D809E0187A87}.Release|x86.Build.0 = Release|x86
	EndGlobalSection
	GlobalSection(SolutionProperties) = preSolution
		HideSolutionNode = FALSE
	EndGlobalSection
EndGlobal
